
Microsoft Visual Studio Solution File, Format Version 12.00
# Visual Studio Version 16
VisualStudioVersion = 16.0.29709.97
MinimumVisualStudioVersion = 10.0.40219.1
Project("{FAE04EC0-301F-11D3-BF4B-00C04F79EFBC}") = "EjerciciosHTML", "EjerciciosHTML\EjerciciosHTML.csproj", "{EBC71F3D-F3D2-43F4-9B9F-85E62C912004}"
EndProject
Global
	GlobalSection(SolutionConfigurationPlatforms) = preSolution
		Debug|Any CPU = Debug|Any CPU
		Release|Any CPU = Release|Any CPU
	EndGlobalSection
	GlobalSection(ProjectConfigurationPlatforms) = postSolution
		{EBC71F3D-F3D2-43F4-9B9F-85E62C912004}.Debug|Any CPU.ActiveCfg = Debug|Any CPU
		{EBC71F3D-F3D2-43F4-9B9F-85E62C912004}.Debug|Any CPU.Build.0 = Debug|Any CPU
		{EBC71F3D-F3D2-43F4-9B9F-85E62C912004}.Release|Any CPU.ActiveCfg = Release|Any CPU
		{EBC71F3D-F3D2-43F4-9B9F-85E62C912004}.Release|Any CPU.Build.0 = Release|Any CPU
	EndGlobalSection
	GlobalSection(SolutionProperties) = preSolution
		HideSolutionNode = FALSE
	EndGlobalSection
	GlobalSection(ExtensibilityGlobals) = postSolution
		SolutionGuid = {699149A7-3CE6-45EA-B653-880D8FC9D88A}
	EndGlobalSection
EndGlobal
